// !$*UTF8*$!
{
	archiveVersion = 1;
	classes = {
	};
	objectVersion = 46;
	objects = {

/* Begin PBXBuildFile section */
		A83C154B1A15988B0031C5B0 /* SliderViewController.m in Sources */ = {isa = PBXBuildFile; fileRef = A83C15491A15988B0031C5B0 /* SliderViewController.m */; };
		A83C154F1A159AC20031C5B0 /* MainViewController.m in Sources */ = {isa = PBXBuildFile; fileRef = A83C154D1A159AC20031C5B0 /* MainViewController.m */; };
		A83C15501A159AC20031C5B0 /* MainViewController.xib in Resources */ = {isa = PBXBuildFile; fileRef = A83C154E1A159AC20031C5B0 /* MainViewController.xib */; };
		A83C15571A159BE20031C5B0 /* MLTransitionAnimation.m in Sources */ = {isa = PBXBuildFile; fileRef = A83C15541A159BE20031C5B0 /* MLTransitionAnimation.m */; settings = {COMPILER_FLAGS = "-fno-objc-arc"; }; };
		A83C15581A159BE20031C5B0 /* UIViewController+MLTransition.m in Sources */ = {isa = PBXBuildFile; fileRef = A83C15561A159BE20031C5B0 /* UIViewController+MLTransition.m */; };
		A85A1D291A104AED007AA77D /* main.m in Sources */ = {isa = PBXBuildFile; fileRef = A85A1D281A104AED007AA77D /* main.m */; };
		A85A1D2C1A104AED007AA77D /* AppDelegate.m in Sources */ = {isa = PBXBuildFile; fileRef = A85A1D2B1A104AED007AA77D /* AppDelegate.m */; };
		A85A1D2F1A104AED007AA77D /* LeftViewController.m in Sources */ = {isa = PBXBuildFile; fileRef = A85A1D2E1A104AED007AA77D /* LeftViewController.m */; };
		A85A1D321A104AED007AA77D /* Main.storyboard in Resources */ = {isa = PBXBuildFile; fileRef = A85A1D301A104AED007AA77D /* Main.storyboard */; };
		A85A1D341A104AED007AA77D /* Images.xcassets in Resources */ = {isa = PBXBuildFile; fileRef = A85A1D331A104AED007AA77D /* Images.xcassets */; };
		A85A1D371A104AED007AA77D /* LaunchScreen.xib in Resources */ = {isa = PBXBuildFile; fileRef = A85A1D351A104AED007AA77D /* LaunchScreen.xib */; };
		A85A1D431A104AED007AA77D /* SafeConstructionSiteTests.m in Sources */ = {isa = PBXBuildFile; fileRef = A85A1D421A104AED007AA77D /* SafeConstructionSiteTests.m */; };
		A85A1D4D1A104C8D007AA77D /* CoreFoundation.framework in Frameworks */ = {isa = PBXBuildFile; fileRef = A85A1D4C1A104C8D007AA77D /* CoreFoundation.framework */; };
		A85A1D4F1A104C95007AA77D /* Foundation.framework in Frameworks */ = {isa = PBXBuildFile; fileRef = A85A1D4E1A104C95007AA77D /* Foundation.framework */; };
		A85A1D561A104DC6007AA77D /* Default-568h@2x.png in Resources */ = {isa = PBXBuildFile; fileRef = A85A1D551A104DC6007AA77D /* Default-568h@2x.png */; };
		A85A1D671A105F03007AA77D /* SafetyCheckCell.m in Sources */ = {isa = PBXBuildFile; fileRef = A85A1D651A105F03007AA77D /* SafetyCheckCell.m */; };
		A85A1D681A105F03007AA77D /* SafetyCheckCell.xib in Resources */ = {isa = PBXBuildFile; fileRef = A85A1D661A105F03007AA77D /* SafetyCheckCell.xib */; };
		A85A1D8D1A10AB97007AA77D /* UIKit.framework in Frameworks */ = {isa = PBXBuildFile; fileRef = A85A1D8C1A10AB97007AA77D /* UIKit.framework */; };
		A85A1D8F1A10ABA8007AA77D /* CoreGraphics.framework in Frameworks */ = {isa = PBXBuildFile; fileRef = A85A1D8E1A10ABA8007AA77D /* CoreGraphics.framework */; };
		A8828CD11A15F5A10002B1CE /* push_btn_bg@2x.png in Resources */ = {isa = PBXBuildFile; fileRef = A8828CD01A15F5A10002B1CE /* push_btn_bg@2x.png */; };
		A88A8EBD1A10C12D00A0F417 /* NIDropDown.m in Sources */ = {isa = PBXBuildFile; fileRef = A88A8EBC1A10C12D00A0F417 /* NIDropDown.m */; settings = {COMPILER_FLAGS = "-fno-objc-arc"; }; };
		A88A8EC11A11BA3700A0F417 /* SafetyCheck.plist in Resources */ = {isa = PBXBuildFile; fileRef = A88A8EC01A11BA3700A0F417 /* SafetyCheck.plist */; };
/* End PBXBuildFile section */

/* Begin PBXContainerItemProxy section */
		A85A1D3D1A104AED007AA77D /* PBXContainerItemProxy */ = {
			isa = PBXContainerItemProxy;
			containerPortal = A85A1D1B1A104AED007AA77D /* Project object */;
			proxyType = 1;
			remoteGlobalIDString = A85A1D221A104AED007AA77D;
			remoteInfo = SafeConstructionSite;
		};
/* End PBXContainerItemProxy section */

/* Begin PBXFileReference section */
		A83C15481A15988B0031C5B0 /* SliderViewController.h */ = {isa = PBXFileReference; fileEncoding = 4; lastKnownFileType = sourcecode.c.h; path = SliderViewController.h; sourceTree = "<group>"; };
		A83C15491A15988B0031C5B0 /* SliderViewController.m */ = {isa = PBXFileReference; fileEncoding = 4; lastKnownFileType = sourcecode.c.objc; path = SliderViewController.m; sourceTree = "<group>"; };
		A83C154C1A159AC20031C5B0 /* MainViewController.h */ = {isa = PBXFileReference; fileEncoding = 4; lastKnownFileType = sourcecode.c.h; path = MainViewController.h; sourceTree = "<group>"; };
		A83C154D1A159AC20031C5B0 /* MainViewController.m */ = {isa = PBXFileReference; fileEncoding = 4; lastKnownFileType = sourcecode.c.objc; path = MainViewController.m; sourceTree = "<group>"; };
		A83C154E1A159AC20031C5B0 /* MainViewController.xib */ = {isa = PBXFileReference; fileEncoding = 4; lastKnownFileType = file.xib; path = MainViewController.xib; sourceTree = "<group>"; };
		A83C15531A159BE20031C5B0 /* MLTransitionAnimation.h */ = {isa = PBXFileReference; fileEncoding = 4; lastKnownFileType = sourcecode.c.h; path = MLTransitionAnimation.h; sourceTree = "<group>"; };
		A83C15541A159BE20031C5B0 /* MLTransitionAnimation.m */ = {isa = PBXFileReference; fileEncoding = 4; lastKnownFileType = sourcecode.c.objc; path = MLTransitionAnimation.m; sourceTree = "<group>"; };
		A83C15551A159BE20031C5B0 /* UIViewController+MLTransition.h */ = {isa = PBXFileReference; fileEncoding = 4; lastKnownFileType = sourcecode.c.h; path = "UIViewController+MLTransition.h"; sourceTree = "<group>"; };
		A83C15561A159BE20031C5B0 /* UIViewController+MLTransition.m */ = {isa = PBXFileReference; fileEncoding = 4; lastKnownFileType = sourcecode.c.objc; path = "UIViewController+MLTransition.m"; sourceTree = "<group>"; };
		A85A1D231A104AED007AA77D /* SafeConstructionSite.app */ = {isa = PBXFileReference; explicitFileType = wrapper.application; includeInIndex = 0; path = SafeConstructionSite.app; sourceTree = BUILT_PRODUCTS_DIR; };
		A85A1D271A104AED007AA77D /* Info.plist */ = {isa = PBXFileReference; lastKnownFileType = text.plist.xml; path = Info.plist; sourceTree = "<group>"; };
		A85A1D281A104AED007AA77D /* main.m */ = {isa = PBXFileReference; lastKnownFileType = sourcecode.c.objc; path = main.m; sourceTree = "<group>"; };
		A85A1D2A1A104AED007AA77D /* AppDelegate.h */ = {isa = PBXFileReference; lastKnownFileType = sourcecode.c.h; path = AppDelegate.h; sourceTree = "<group>"; };
		A85A1D2B1A104AED007AA77D /* AppDelegate.m */ = {isa = PBXFileReference; lastKnownFileType = sourcecode.c.objc; path = AppDelegate.m; sourceTree = "<group>"; };
		A85A1D2D1A104AED007AA77D /* LeftViewController.h */ = {isa = PBXFileReference; lastKnownFileType = sourcecode.c.h; path = LeftViewController.h; sourceTree = "<group>"; };
		A85A1D2E1A104AED007AA77D /* LeftViewController.m */ = {isa = PBXFileReference; lastKnownFileType = sourcecode.c.objc; path = LeftViewController.m; sourceTree = "<group>"; };
		A85A1D311A104AED007AA77D /* Base */ = {isa = PBXFileReference; lastKnownFileType = file.storyboard; name = Base; path = Base.lproj/Main.storyboard; sourceTree = "<group>"; };
		A85A1D331A104AED007AA77D /* Images.xcassets */ = {isa = PBXFileReference; lastKnownFileType = folder.assetcatalog; path = Images.xcassets; sourceTree = "<group>"; };
		A85A1D361A104AED007AA77D /* Base */ = {isa = PBXFileReference; lastKnownFileType = file.xib; name = Base; path = Base.lproj/LaunchScreen.xib; sourceTree = "<group>"; };
		A85A1D3C1A104AED007AA77D /* SafeConstructionSiteTests.xctest */ = {isa = PBXFileReference; explicitFileType = wrapper.cfbundle; includeInIndex = 0; path = SafeConstructionSiteTests.xctest; sourceTree = BUILT_PRODUCTS_DIR; };
		A85A1D411A104AED007AA77D /* Info.plist */ = {isa = PBXFileReference; lastKnownFileType = text.plist.xml; path = Info.plist; sourceTree = "<group>"; };
		A85A1D421A104AED007AA77D /* SafeConstructionSiteTests.m */ = {isa = PBXFileReference; lastKnownFileType = sourcecode.c.objc; path = SafeConstructionSiteTests.m; sourceTree = "<group>"; };
		A85A1D4C1A104C8D007AA77D /* CoreFoundation.framework */ = {isa = PBXFileReference; lastKnownFileType = wrapper.framework; name = CoreFoundation.framework; path = System/Library/Frameworks/CoreFoundation.framework; sourceTree = SDKROOT; };
		A85A1D4E1A104C95007AA77D /* Foundation.framework */ = {isa = PBXFileReference; lastKnownFileType = wrapper.framework; name = Foundation.framework; path = System/Library/Frameworks/Foundation.framework; sourceTree = SDKROOT; };
		A85A1D551A104DC6007AA77D /* Default-568h@2x.png */ = {isa = PBXFileReference; lastKnownFileType = image.png; name = "Default-568h@2x.png"; path = "../Default-568h@2x.png"; sourceTree = "<group>"; };
		A85A1D641A105F03007AA77D /* SafetyCheckCell.h */ = {isa = PBXFileReference; fileEncoding = 4; lastKnownFileType = sourcecode.c.h; path = SafetyCheckCell.h; sourceTree = "<group>"; };
		A85A1D651A105F03007AA77D /* SafetyCheckCell.m */ = {isa = PBXFileReference; fileEncoding = 4; lastKnownFileType = sourcecode.c.objc; path = SafetyCheckCell.m; sourceTree = "<group>"; };
		A85A1D661A105F03007AA77D /* SafetyCheckCell.xib */ = {isa = PBXFileReference; fileEncoding = 4; lastKnownFileType = file.xib; path = SafetyCheckCell.xib; sourceTree = "<group>"; };
		A85A1D8C1A10AB97007AA77D /* UIKit.framework */ = {isa = PBXFileReference; lastKnownFileType = wrapper.framework; name = UIKit.framework; path = System/Library/Frameworks/UIKit.framework; sourceTree = SDKROOT; };
		A85A1D8E1A10ABA8007AA77D /* CoreGraphics.framework */ = {isa = PBXFileReference; lastKnownFileType = wrapper.framework; name = CoreGraphics.framework; path = System/Library/Frameworks/CoreGraphics.framework; sourceTree = SDKROOT; };
		A8828CD01A15F5A10002B1CE /* push_btn_bg@2x.png */ = {isa = PBXFileReference; lastKnownFileType = image.png; path = "push_btn_bg@2x.png"; sourceTree = "<group>"; };
		A88A8EBB1A10C12D00A0F417 /* NIDropDown.h */ = {isa = PBXFileReference; fileEncoding = 4; lastKnownFileType = sourcecode.c.h; path = NIDropDown.h; sourceTree = "<group>"; };
		A88A8EBC1A10C12D00A0F417 /* NIDropDown.m */ = {isa = PBXFileReference; fileEncoding = 4; lastKnownFileType = sourcecode.c.objc; path = NIDropDown.m; sourceTree = "<group>"; };
		A88A8EBE1A1196C400A0F417 /* SafeConstructionSite-Prefix.pch */ = {isa = PBXFileReference; lastKnownFileType = sourcecode.c.h; path = "SafeConstructionSite-Prefix.pch"; sourceTree = "<group>"; };
		A88A8EBF1A11A12800A0F417 /* Macro.h */ = {isa = PBXFileReference; fileEncoding = 4; lastKnownFileType = sourcecode.c.h; path = Macro.h; sourceTree = "<group>"; };
		A88A8EC01A11BA3700A0F417 /* SafetyCheck.plist */ = {isa = PBXFileReference; fileEncoding = 4; lastKnownFileType = text.plist.xml; path = SafetyCheck.plist; sourceTree = "<group>"; };
/* End PBXFileReference section */

/* Begin PBXFrameworksBuildPhase section */
		A85A1D201A104AED007AA77D /* Frameworks */ = {
			isa = PBXFrameworksBuildPhase;
			buildActionMask = 2147483647;
			files = (
				A85A1D8F1A10ABA8007AA77D /* CoreGraphics.framework in Frameworks */,
				A85A1D8D1A10AB97007AA77D /* UIKit.framework in Frameworks */,
				A85A1D4F1A104C95007AA77D /* Foundation.framework in Frameworks */,
				A85A1D4D1A104C8D007AA77D /* CoreFoundation.framework in Frameworks */,
			);
			runOnlyForDeploymentPostprocessing = 0;
		};
		A85A1D391A104AED007AA77D /* Frameworks */ = {
			isa = PBXFrameworksBuildPhase;
			buildActionMask = 2147483647;
			files = (
			);
			runOnlyForDeploymentPostprocessing = 0;
		};
/* End PBXFrameworksBuildPhase section */

/* Begin PBXGroup section */
		A83C15451A15988B0031C5B0 /* SliderViewController */ = {
			isa = PBXGroup;
			children = (
				A83C15481A15988B0031C5B0 /* SliderViewController.h */,
				A83C15491A15988B0031C5B0 /* SliderViewController.m */,
			);
			path = SliderViewController;
			sourceTree = "<group>";
		};
		A83C15511A159BE20031C5B0 /* third */ = {
			isa = PBXGroup;
			children = (
				A83C15521A159BE20031C5B0 /* MLTransition */,
			);
			path = third;
			sourceTree = "<group>";
		};
		A83C15521A159BE20031C5B0 /* MLTransition */ = {
			isa = PBXGroup;
			children = (
				A83C15531A159BE20031C5B0 /* MLTransitionAnimation.h */,
				A83C15541A159BE20031C5B0 /* MLTransitionAnimation.m */,
				A83C15551A159BE20031C5B0 /* UIViewController+MLTransition.h */,
				A83C15561A159BE20031C5B0 /* UIViewController+MLTransition.m */,
			);
			path = MLTransition;
			sourceTree = "<group>";
		};
		A85A1D1A1A104AED007AA77D = {
			isa = PBXGroup;
			children = (
				A85A1D251A104AED007AA77D /* SafeConstructionSite */,
				A85A1D3F1A104AED007AA77D /* SafeConstructionSiteTests */,
				A85A1D241A104AED007AA77D /* Products */,
			);
			sourceTree = "<group>";
		};
		A85A1D241A104AED007AA77D /* Products */ = {
			isa = PBXGroup;
			children = (
				A85A1D231A104AED007AA77D /* SafeConstructionSite.app */,
				A85A1D3C1A104AED007AA77D /* SafeConstructionSiteTests.xctest */,
			);
			name = Products;
			sourceTree = "<group>";
		};
		A85A1D251A104AED007AA77D /* SafeConstructionSite */ = {
			isa = PBXGroup;
			children = (
				A83C15511A159BE20031C5B0 /* third */,
				A83C15451A15988B0031C5B0 /* SliderViewController */,
				A88A8EBF1A11A12800A0F417 /* Macro.h */,
				A85A1D2A1A104AED007AA77D /* AppDelegate.h */,
				A85A1D2B1A104AED007AA77D /* AppDelegate.m */,
				A83C154C1A159AC20031C5B0 /* MainViewController.h */,
				A83C154D1A159AC20031C5B0 /* MainViewController.m */,
				A83C154E1A159AC20031C5B0 /* MainViewController.xib */,
				A85A1D2D1A104AED007AA77D /* LeftViewController.h */,
				A85A1D2E1A104AED007AA77D /* LeftViewController.m */,
				A85A1D641A105F03007AA77D /* SafetyCheckCell.h */,
				A85A1D651A105F03007AA77D /* SafetyCheckCell.m */,
				A85A1D661A105F03007AA77D /* SafetyCheckCell.xib */,
				A88A8EBB1A10C12D00A0F417 /* NIDropDown.h */,
				A88A8EBC1A10C12D00A0F417 /* NIDropDown.m */,
				A85A1D301A104AED007AA77D /* Main.storyboard */,
				A85A1D331A104AED007AA77D /* Images.xcassets */,
				A85A1D351A104AED007AA77D /* LaunchScreen.xib */,
				A85A1D761A108D22007AA77D /* resource */,
				A85A1D261A104AED007AA77D /* Supporting Files */,
			);
			path = SafeConstructionSite;
			sourceTree = "<group>";
		};
		A85A1D261A104AED007AA77D /* Supporting Files */ = {
			isa = PBXGroup;
			children = (
				A88A8EC01A11BA3700A0F417 /* SafetyCheck.plist */,
				A85A1D551A104DC6007AA77D /* Default-568h@2x.png */,
				A85A1D271A104AED007AA77D /* Info.plist */,
				A85A1D281A104AED007AA77D /* main.m */,
				A88A8EBE1A1196C400A0F417 /* SafeConstructionSite-Prefix.pch */,
			);
			name = "Supporting Files";
			sourceTree = "<group>";
		};
		A85A1D3F1A104AED007AA77D /* SafeConstructionSiteTests */ = {
			isa = PBXGroup;
			children = (
				A85A1D8E1A10ABA8007AA77D /* CoreGraphics.framework */,
				A85A1D8C1A10AB97007AA77D /* UIKit.framework */,
				A85A1D4E1A104C95007AA77D /* Foundation.framework */,
				A85A1D4C1A104C8D007AA77D /* CoreFoundation.framework */,
				A85A1D421A104AED007AA77D /* SafeConstructionSiteTests.m */,
				A85A1D401A104AED007AA77D /* Supporting Files */,
			);
			path = SafeConstructionSiteTests;
			sourceTree = "<group>";
		};
		A85A1D401A104AED007AA77D /* Supporting Files */ = {
			isa = PBXGroup;
			children = (
				A85A1D411A104AED007AA77D /* Info.plist */,
			);
			name = "Supporting Files";
			sourceTree = "<group>";
		};
		A85A1D761A108D22007AA77D /* resource */ = {
			isa = PBXGroup;
			children = (
				A8828CD01A15F5A10002B1CE /* push_btn_bg@2x.png */,
			);
			path = resource;
			sourceTree = "<group>";
		};
/* End PBXGroup section */

/* Begin PBXNativeTarget section */
		A85A1D221A104AED007AA77D /* SafeConstructionSite */ = {
			isa = PBXNativeTarget;
			buildConfigurationList = A85A1D461A104AED007AA77D /* Build configuration list for PBXNativeTarget "SafeConstructionSite" */;
			buildPhases = (
				A85A1D1F1A104AED007AA77D /* Sources */,
				A85A1D201A104AED007AA77D /* Frameworks */,
				A85A1D211A104AED007AA77D /* Resources */,
			);
			buildRules = (
			);
			dependencies = (
			);
			name = SafeConstructionSite;
			productName = SafeConstructionSite;
			productReference = A85A1D231A104AED007AA77D /* SafeConstructionSite.app */;
			productType = "com.apple.product-type.application";
		};
		A85A1D3B1A104AED007AA77D /* SafeConstructionSiteTests */ = {
			isa = PBXNativeTarget;
			buildConfigurationList = A85A1D491A104AED007AA77D /* Build configuration list for PBXNativeTarget "SafeConstructionSiteTests" */;
			buildPhases = (
				A85A1D381A104AED007AA77D /* Sources */,
				A85A1D391A104AED007AA77D /* Frameworks */,
				A85A1D3A1A104AED007AA77D /* Resources */,
			);
			buildRules = (
			);
			dependencies = (
				A85A1D3E1A104AED007AA77D /* PBXTargetDependency */,
			);
			name = SafeConstructionSiteTests;
			productName = SafeConstructionSiteTests;
			productReference = A85A1D3C1A104AED007AA77D /* SafeConstructionSiteTests.xctest */;
			productType = "com.apple.product-type.bundle.unit-test";
		};
/* End PBXNativeTarget section */

/* Begin PBXProject section */
		A85A1D1B1A104AED007AA77D /* Project object */ = {
			isa = PBXProject;
			attributes = {
				LastUpgradeCheck = 0600;
				ORGANIZATIONNAME = XB;
				TargetAttributes = {
					A85A1D221A104AED007AA77D = {
						CreatedOnToolsVersion = 6.0;
					};
					A85A1D3B1A104AED007AA77D = {
						CreatedOnToolsVersion = 6.0;
						TestTargetID = A85A1D221A104AED007AA77D;
					};
				};
			};
			buildConfigurationList = A85A1D1E1A104AED007AA77D /* Build configuration list for PBXProject "SafeConstructionSite" */;
			compatibilityVersion = "Xcode 3.2";
			developmentRegion = English;
			hasScannedForEncodings = 0;
			knownRegions = (
				en,
				Base,
			);
			mainGroup = A85A1D1A1A104AED007AA77D;
			productRefGroup = A85A1D241A104AED007AA77D /* Products */;
			projectDirPath = "";
			projectRoot = "";
			targets = (
				A85A1D221A104AED007AA77D /* SafeConstructionSite */,
				A85A1D3B1A104AED007AA77D /* SafeConstructionSiteTests */,
			);
		};
/* End PBXProject section */

/* Begin PBXResourcesBuildPhase section */
		A85A1D211A104AED007AA77D /* Resources */ = {
			isa = PBXResourcesBuildPhase;
			buildActionMask = 2147483647;
			files = (
				A85A1D321A104AED007AA77D /* Main.storyboard in Resources */,
				A83C15501A159AC20031C5B0 /* MainViewController.xib in Resources */,
				A8828CD11A15F5A10002B1CE /* push_btn_bg@2x.png in Resources */,
				A85A1D371A104AED007AA77D /* LaunchScreen.xib in Resources */,
				A85A1D561A104DC6007AA77D /* Default-568h@2x.png in Resources */,
				A85A1D681A105F03007AA77D /* SafetyCheckCell.xib in Resources */,
				A85A1D341A104AED007AA77D /* Images.xcassets in Resources */,
				A88A8EC11A11BA3700A0F417 /* SafetyCheck.plist in Resources */,
			);
			runOnlyForDeploymentPostprocessing = 0;
		};
		A85A1D3A1A104AED007AA77D /* Resources */ = {
			isa = PBXResourcesBuildPhase;
			buildActionMask = 2147483647;
			files = (
			);
			runOnlyForDeploymentPostprocessing = 0;
		};
/* End PBXResourcesBuildPhase section */

/* Begin PBXSourcesBuildPhase section */
		A85A1D1F1A104AED007AA77D /* Sources */ = {
			isa = PBXSourcesBuildPhase;
			buildActionMask = 2147483647;
			files = (
				A83C154F1A159AC20031C5B0 /* MainViewController.m in Sources */,
				A85A1D671A105F03007AA77D /* SafetyCheckCell.m in Sources */,
				A85A1D2F1A104AED007AA77D /* LeftViewController.m in Sources */,
				A83C154B1A15988B0031C5B0 /* SliderViewController.m in Sources */,
				A83C15571A159BE20031C5B0 /* MLTransitionAnimation.m in Sources */,
				A88A8EBD1A10C12D00A0F417 /* NIDropDown.m in Sources */,
				A83C15581A159BE20031C5B0 /* UIViewController+MLTransition.m in Sources */,
				A85A1D2C1A104AED007AA77D /* AppDelegate.m in Sources */,
				A85A1D291A104AED007AA77D /* main.m in Sources */,
			);
			runOnlyForDeploymentPostprocessing = 0;
		};
		A85A1D381A104AED007AA77D /* Sources */ = {
			isa = PBXSourcesBuildPhase;
			buildActionMask = 2147483647;
			files = (
				A85A1D431A104AED007AA77D /* SafeConstructionSiteTests.m in Sources */,
			);
			runOnlyForDeploymentPostprocessing = 0;
		};
/* End PBXSourcesBuildPhase section */

/* Begin PBXTargetDependency section */
		A85A1D3E1A104AED007AA77D /* PBXTargetDependency */ = {
			isa = PBXTargetDependency;
			target = A85A1D221A104AED007AA77D /* SafeConstructionSite */;
			targetProxy = A85A1D3D1A104AED007AA77D /* PBXContainerItemProxy */;
		};
/* End PBXTargetDependency section */

/* Begin PBXVariantGroup section */
		A85A1D301A104AED007AA77D /* Main.storyboard */ = {
			isa = PBXVariantGroup;
			children = (
				A85A1D311A104AED007AA77D /* Base */,
			);
			name = Main.storyboard;
			sourceTree = "<group>";
		};
		A85A1D351A104AED007AA77D /* LaunchScreen.xib */ = {
			isa = PBXVariantGroup;
			children = (
				A85A1D361A104AED007AA77D /* Base */,
			);
			name = LaunchScreen.xib;
			sourceTree = "<group>";
		};
/* End PBXVariantGroup section */

/* Begin XCBuildConfiguration section */
		A85A1D441A104AED007AA77D /* Debug */ = {
			isa = XCBuildConfiguration;
			buildSettings = {
				ALWAYS_SEARCH_USER_PATHS = NO;
				CLANG_CXX_LANGUAGE_STANDARD = "gnu++0x";
				CLANG_CXX_LIBRARY = "libc++";
				CLANG_ENABLE_MODULES = YES;
				CLANG_ENABLE_OBJC_ARC = YES;
				CLANG_WARN_BOOL_CONVERSION = YES;
				CLANG_WARN_CONSTANT_CONVERSION = YES;
				CLANG_WARN_DIRECT_OBJC_ISA_USAGE = YES_ERROR;
				CLANG_WARN_EMPTY_BODY = YES;
				CLANG_WARN_ENUM_CONVERSION = YES;
				CLANG_WARN_INT_CONVERSION = YES;
				CLANG_WARN_OBJC_ROOT_CLASS = YES_ERROR;
				CLANG_WARN_UNREACHABLE_CODE = YES;
				CLANG_WARN__DUPLICATE_METHOD_MATCH = YES;
				CODE_SIGN_IDENTITY = "iPhone Developer: Xin Gong (768NGZ4VP8)";
				"CODE_SIGN_IDENTITY[sdk=iphoneos*]" = "iPhone Developer: Xin Gong (768NGZ4VP8)";
				COPY_PHASE_STRIP = NO;
				ENABLE_STRICT_OBJC_MSGSEND = YES;
				GCC_C_LANGUAGE_STANDARD = gnu99;
				GCC_DYNAMIC_NO_PIC = NO;
				GCC_OPTIMIZATION_LEVEL = 0;
				GCC_PREPROCESSOR_DEFINITIONS = (
					"DEBUG=1",
					"$(inherited)",
				);
				GCC_SYMBOLS_PRIVATE_EXTERN = NO;
				GCC_WARN_64_TO_32_BIT_CONVERSION = YES;
				GCC_WARN_ABOUT_RETURN_TYPE = YES_ERROR;
				GCC_WARN_UNDECLARED_SELECTOR = YES;
				GCC_WARN_UNINITIALIZED_AUTOS = YES_AGGRESSIVE;
				GCC_WARN_UNUSED_FUNCTION = YES;
				GCC_WARN_UNUSED_VARIABLE = YES;
				IPHONEOS_DEPLOYMENT_TARGET = 8.0;
				MTL_ENABLE_DEBUG_INFO = YES;
				ONLY_ACTIVE_ARCH = YES;
				PROVISIONING_PROFILE = "8b8903e6-450f-4640-8fd8-84a8876130c4";
				SDKROOT = iphoneos;
			};
			name = Debug;
		};
		A85A1D451A104AED007AA77D /* Release */ = {
			isa = XCBuildConfiguration;
			buildSettings = {
				ALWAYS_SEARCH_USER_PATHS = NO;
				CLANG_CXX_LANGUAGE_STANDARD = "gnu++0x";
				CLANG_CXX_LIBRARY = "libc++";
				CLANG_ENABLE_MODULES = YES;
				CLANG_ENABLE_OBJC_ARC = YES;
				CLANG_WARN_BOOL_CONVERSION = YES;
				CLANG_WARN_CONSTANT_CONVERSION = YES;
				CLANG_WARN_DIRECT_OBJC_ISA_USAGE = YES_ERROR;
				CLANG_WARN_EMPTY_BODY = YES;
				CLANG_WARN_ENUM_CONVERSION = YES;
				CLANG_WARN_INT_CONVERSION = YES;
				CLANG_WARN_OBJC_ROOT_CLASS = YES_ERROR;
				CLANG_WARN_UNREACHABLE_CODE = YES;
				CLANG_WARN__DUPLICATE_METHOD_MATCH = YES;
				CODE_SIGN_IDENTITY = "iPhone Developer: Xin Gong (768NGZ4VP8)";
				"CODE_SIGN_IDENTITY[sdk=iphoneos*]" = "iPhone Developer: Xin Gong (768NGZ4VP8)";
				COPY_PHASE_STRIP = YES;
				ENABLE_NS_ASSERTIONS = NO;
				ENABLE_STRICT_OBJC_MSGSEND = YES;
				GCC_C_LANGUAGE_STANDARD = gnu99;
				GCC_WARN_64_TO_32_BIT_CONVERSION = YES;
				GCC_WARN_ABOUT_RETURN_TYPE = YES_ERROR;
				GCC_WARN_UNDECLARED_SELECTOR = YES;
				GCC_WARN_UNINITIALIZED_AUTOS = YES_AGGRESSIVE;
				GCC_WARN_UNUSED_FUNCTION = YES;
				GCC_WARN_UNUSED_VARIABLE = YES;
				IPHONEOS_DEPLOYMENT_TARGET = 8.0;
				MTL_ENABLE_DEBUG_INFO = NO;
				PROVISIONING_PROFILE = "8b8903e6-450f-4640-8fd8-84a8876130c4";
				SDKROOT = iphoneos;
				VALIDATE_PRODUCT = YES;
			};
			name = Release;
		};
		A85A1D471A104AED007AA77D /* Debug */ = {
			isa = XCBuildConfiguration;
			buildSettings = {
				ASSETCATALOG_COMPILER_APPICON_NAME = AppIcon;
				CLANG_ENABLE_OBJC_ARC = YES;
				CODE_SIGN_IDENTITY = "iPhone Developer: Xin Gong (768NGZ4VP8)";
				"CODE_SIGN_IDENTITY[sdk=iphoneos*]" = "iPhone Developer: Xin Gong (768NGZ4VP8)";
				INFOPLIST_FILE = SafeConstructionSite/Info.plist;
				LD_RUNPATH_SEARCH_PATHS = "$(inherited) @executable_path/Frameworks";
				PRODUCT_NAME = "$(TARGET_NAME)";
				PROVISIONING_PROFILE = "8b8903e6-450f-4640-8fd8-84a8876130c4";
			};
			name = Debug;
		};
		A85A1D481A104AED007AA77D /* Release */ = {
			isa = XCBuildConfiguration;
			buildSettings = {
				ASSETCATALOG_COMPILER_APPICON_NAME = AppIcon;
				CLANG_ENABLE_OBJC_ARC = YES;
				CODE_SIGN_IDENTITY = "iPhone Developer: Xin Gong (768NGZ4VP8)";
				"CODE_SIGN_IDENTITY[sdk=iphoneos*]" = "iPhone Developer: Xin Gong (768NGZ4VP8)";
				INFOPLIST_FILE = SafeConstructionSite/Info.plist;
				LD_RUNPATH_SEARCH_PATHS = "$(inherited) @executable_path/Frameworks";
				PRODUCT_NAME = "$(TARGET_NAME)";
				PROVISIONING_PROFILE = "8b8903e6-450f-4640-8fd8-84a8876130c4";
			};
			name = Release;
		};
		A85A1D4A1A104AED007AA77D /* Debug */ = {
			isa = XCBuildConfiguration;
			buildSettings = {
				BUNDLE_LOADER = "$(TEST_HOST)";
				FRAMEWORK_SEARCH_PATHS = (
					"$(SDKROOT)/Developer/Library/Frameworks",
					"$(inherited)",
				);
				GCC_PREPROCESSOR_DEFINITIONS = (
					"DEBUG=1",
					"$(inherited)",
				);
				INFOPLIST_FILE = SafeConstructionSiteTests/Info.plist;
				LD_RUNPATH_SEARCH_PATHS = "$(inherited) @executable_path/Frameworks @loader_path/Frameworks";
				PRODUCT_NAME = "$(TARGET_NAME)";
				TEST_HOST = "$(BUILT_PRODUCTS_DIR)/SafeConstructionSite.app/SafeConstructionSite";
			};
			name = Debug;
		};
		A85A1D4B1A104AED007AA77D /* Release */ = {
			isa = XCBuildConfiguration;
			buildSettings = {
				BUNDLE_LOADER = "$(TEST_HOST)";
				FRAMEWORK_SEARCH_PATHS = (
					"$(SDKROOT)/Developer/Library/Frameworks",
					"$(inherited)",
				);
				INFOPLIST_FILE = SafeConstructionSiteTests/Info.plist;
				LD_RUNPATH_SEARCH_PATHS = "$(inherited) @executable_path/Frameworks @loader_path/Frameworks";
				PRODUCT_NAME = "$(TARGET_NAME)";
				TEST_HOST = "$(BUILT_PRODUCTS_DIR)/SafeConstructionSite.app/SafeConstructionSite";
			};
			name = Release;
		};
/* End XCBuildConfiguration section */

/* Begin XCConfigurationList section */
		A85A1D1E1A104AED007AA77D /* Build configuration list for PBXProject "SafeConstructionSite" */ = {
			isa = XCConfigurationList;
			buildConfigurations = (
				A85A1D441A104AED007AA77D /* Debug */,
				A85A1D451A104AED007AA77D /* Release */,
			);
			defaultConfigurationIsVisible = 0;
			defaultConfigurationName = Release;
		};
		A85A1D461A104AED007AA77D /* Build configuration list for PBXNativeTarget "SafeConstructionSite" */ = {
			isa = XCConfigurationList;
			buildConfigurations = (
				A85A1D471A104AED007AA77D /* Debug */,
				A85A1D481A104AED007AA77D /* Release */,
			);
			defaultConfigurationIsVisible = 0;
			defaultConfigurationName = Release;
		};
		A85A1D491A104AED007AA77D /* Build configuration list for PBXNativeTarget "SafeConstructionSiteTests" */ = {
			isa = XCConfigurationList;
			buildConfigurations = (
				A85A1D4A1A104AED007AA77D /* Debug */,
				A85A1D4B1A104AED007AA77D /* Release */,
			);
			defaultConfigurationIsVisible = 0;
			defaultConfigurationName = Release;
		};
/* End XCConfigurationList section */
	};
	rootObject = A85A1D1B1A104AED007AA77D /* Project object */;
}
